
Microsoft Visual Studio Solution File, Format Version 12.00
# Visual Studio Version 16
VisualStudioVersion = 16.0.30907.101
MinimumVisualStudioVersion = 10.0.40219.1
Project("{FAE04EC0-301F-11D3-BF4B-00C04F79EFBC}") = "GameProject", "GameProject\GameProject.csproj", "{213A828B-8A95-43F8-B9A0-5C5A1A5F29CE}"
EndProject
Global
	GlobalSection(SolutionConfigurationPlatforms) = preSolution
		Debug|Any CPU = Debug|Any CPU
		Release|Any CPU = Release|Any CPU
	EndGlobalSection
	GlobalSection(ProjectConfigurationPlatforms) = postSolution
		{213A828B-8A95-43F8-B9A0-5C5A1A5F29CE}.Debug|Any CPU.ActiveCfg = Debug|Any CPU
		{213A828B-8A95-43F8-B9A0-5C5A1A5F29CE}.Debug|Any CPU.Build.0 = Debug|Any CPU
		{213A828B-8A95-43F8-B9A0-5C5A1A5F29CE}.Release|Any CPU.ActiveCfg = Release|Any CPU
		{213A828B-8A95-43F8-B9A0-5C5A1A5F29CE}.Release|Any CPU.Build.0 = Release|Any CPU
	EndGlobalSection
	GlobalSection(SolutionProperties) = preSolution
		HideSolutionNode = FALSE
	EndGlobalSection
	GlobalSection(ExtensibilityGlobals) = postSolution
		SolutionGuid = {72E05034-1EB3-4EC1-9B9E-9B9AFFD088E8}
	EndGlobalSection
EndGlobal
